
Microsoft Visual Studio Solution File, Format Version 12.00
# Visual Studio Version 16
VisualStudioVersion = 16.0.29519.87
MinimumVisualStudioVersion = 10.0.40219.1
Project("{F184B08F-C81C-45F6-A57F-5ABD9991F28F}") = "CSCelAdmin", "ProjectVB\CSCelAdmin.vbproj", "{9F93C3FC-29D6-4487-BC8C-17DA9E3A4922}"
EndProject
Global
	GlobalSection(SolutionConfigurationPlatforms) = preSolution
		Debug|x86 = Debug|x86
		Release|x86 = Release|x86
	EndGlobalSection
	GlobalSection(ProjectConfigurationPlatforms) = postSolution
		{9F93C3FC-29D6-4487-BC8C-17DA9E3A4922}.Debug|x86.ActiveCfg = Debug|x86
		{9F93C3FC-29D6-4487-BC8C-17DA9E3A4922}.Debug|x86.Build.0 = Debug|x86
		{9F93C3FC-29D6-4487-BC8C-17DA9E3A4922}.Release|x86.ActiveCfg = Release|x86
		{9F93C3FC-29D6-4487-BC8C-17DA9E3A4922}.Release|x86.Build.0 = Release|x86
	EndGlobalSection
	GlobalSection(SolutionProperties) = preSolution
		HideSolutionNode = FALSE
	EndGlobalSection
	GlobalSection(ExtensibilityGlobals) = postSolution
		SolutionGuid = {B5D9FE52-66C3-4560-A0EA-F450897CB5EE}
	EndGlobalSection
EndGlobal
